{
  "name": "12.7 connction pooling",
  "lockfileVersion": 3,
  "requires": true,
  "packages": {
    "": {
      "dependencies": {
        "@prisma/extension-accelerate": "^1.0.0"
      }
    },
    "node_modules/@prisma/client": {
      "version": "5.12.1",
      "resolved": "https://registry.npmjs.org/@prisma/client/-/client-5.12.1.tgz",
      "integrity": "sha512-6/JnizEdlSBxDIdiLbrBdMW5NqDxOmhXAJaNXiPpgzAPr/nLZResT6MMpbOHLo5yAbQ1Vv5UU8PTPRzb0WIxdA==",
      "hasInstallScript": true,
      "peer": true,
      "engines": {
        "node": ">=16.13"
      },
      "peerDependencies": {
        "prisma": "*"
      },
      "peerDependenciesMeta": {
        "prisma": {
          "optional": true
        }
      }
    },
    "node_modules/@prisma/extension-accelerate": {
      "version": "1.0.0",
      "resolved": "https://registry.npmjs.org/@prisma/extension-accelerate/-/extension-accelerate-1.0.0.tgz",
      "integrity": "sha512-5oSpPtKCMfTl/sSXaS/7vBsPqfm+eEVB6/5KPBJITFatDoFcmjx/PIC/T93mHLiHI98xKwosPN59NGXjDDhcFA==",
      "engines": {
        "node": ">=16"
      },
      "peerDependencies": {
        "@prisma/client": ">=4.16.1"
      }
    }
  }
}
